
Microsoft Visual Studio Solution File, Format Version 12.00
# Visual Studio Version 17
VisualStudioVersion = 17.4.33213.308
MinimumVisualStudioVersion = 10.0.40219.1
Project("{FAE04EC0-301F-11D3-BF4B-00C04F79EFBC}") = "DnDGewichtung", "DnDGewichtung.csproj", "{77467A8D-49E7-4971-96C2-4966E8BFAF45}"
EndProject
Global
	GlobalSection(SolutionConfigurationPlatforms) = preSolution
		Debug|Any CPU = Debug|Any CPU
		Release|Any CPU = Release|Any CPU
	EndGlobalSection
	GlobalSection(ProjectConfigurationPlatforms) = postSolution
		{77467A8D-49E7-4971-96C2-4966E8BFAF45}.Debug|Any CPU.ActiveCfg = Debug|Any CPU
		{77467A8D-49E7-4971-96C2-4966E8BFAF45}.Debug|Any CPU.Build.0 = Debug|Any CPU
		{77467A8D-49E7-4971-96C2-4966E8BFAF45}.Release|Any CPU.ActiveCfg = Release|Any CPU
		{77467A8D-49E7-4971-96C2-4966E8BFAF45}.Release|Any CPU.Build.0 = Release|Any CPU
	EndGlobalSection
	GlobalSection(SolutionProperties) = preSolution
		HideSolutionNode = FALSE
	EndGlobalSection
	GlobalSection(ExtensibilityGlobals) = postSolution
		SolutionGuid = {32A9BF70-B0B7-4DEF-93C2-0918140440FB}
	EndGlobalSection
EndGlobal
